
Microsoft Visual Studio Solution File, Format Version 12.00
# Visual Studio Version 16
VisualStudioVersion = 16.0.28701.123
MinimumVisualStudioVersion = 10.0.40219.1
Project("{9A19103F-16F7-4668-BE54-9A1E7A4F7556}") = "Blazor.Chat.Models", "Blazor.Chat.Models\Blazor.Chat.Models.csproj", "{3C79B67D-4DEE-463A-9A84-6F291A7B5717}"
EndProject
Project("{FAE04EC0-301F-11D3-BF4B-00C04F79EFBC}") = "Blazor.Chat.Client", "Blazor.Chat.Client\Blazor.Chat.Client.csproj", "{7835DFD9-6A4B-44BE-A135-69B23393BB36}"
EndProject
Global
	GlobalSection(SolutionConfigurationPlatforms) = preSolution
		Debug|Any CPU = Debug|Any CPU
		Release|Any CPU = Release|Any CPU
	EndGlobalSection
	GlobalSection(ProjectConfigurationPlatforms) = postSolution
		{3C79B67D-4DEE-463A-9A84-6F291A7B5717}.Debug|Any CPU.ActiveCfg = Debug|Any CPU
		{3C79B67D-4DEE-463A-9A84-6F291A7B5717}.Debug|Any CPU.Build.0 = Debug|Any CPU
		{3C79B67D-4DEE-463A-9A84-6F291A7B5717}.Release|Any CPU.ActiveCfg = Release|Any CPU
		{3C79B67D-4DEE-463A-9A84-6F291A7B5717}.Release|Any CPU.Build.0 = Release|Any CPU
		{7835DFD9-6A4B-44BE-A135-69B23393BB36}.Debug|Any CPU.ActiveCfg = Debug|Any CPU
		{7835DFD9-6A4B-44BE-A135-69B23393BB36}.Debug|Any CPU.Build.0 = Debug|Any CPU
		{7835DFD9-6A4B-44BE-A135-69B23393BB36}.Release|Any CPU.ActiveCfg = Release|Any CPU
		{7835DFD9-6A4B-44BE-A135-69B23393BB36}.Release|Any CPU.Build.0 = Release|Any CPU
	EndGlobalSection
	GlobalSection(SolutionProperties) = preSolution
		HideSolutionNode = FALSE
	EndGlobalSection
	GlobalSection(ExtensibilityGlobals) = postSolution
		SolutionGuid = {CC7233BD-B67B-45F6-AC40-E4D23591CDB5}
	EndGlobalSection
EndGlobal
